# THIS IS AN AUTOGENERATED FILE. DO NOT EDIT THIS FILE DIRECTLY.
# yarn lockfile v1


babel-runtime@^6.25.0:
  version "6.26.0"
  resolved "https://registry.yarnpkg.com/babel-runtime/-/babel-runtime-6.26.0.tgz#965c7058668e82b55d7bfe04ff2337bc8b5647fe"
  dependencies:
    core-js "^2.4.0"
    regenerator-runtime "^0.11.0"

camelcase@^4.1.0:
  version "4.1.0"
  resolved "https://registry.yarnpkg.com/camelcase/-/camelcase-4.1.0.tgz#d545635be1e33c542649c69173e5de6acfae34dd"

clone@^1.0.2:
  version "1.0.4"
  resolved "https://registry.yarnpkg.com/clone/-/clone-1.0.4.tgz#da309cc263df15994c688ca902179ca3c7cd7c7e"

constitute@^1.6.2:
  version "1.6.2"
  resolved "https://registry.yarnpkg.com/constitute/-/constitute-1.6.2.tgz#ba9f2b33f1510ac4d1ac3ddc8d4ae7ce5a28aa32"
  dependencies:
    clone "^1.0.2"

core-js@^2.4.0:
  version "2.5.6"
  resolved "https://registry.yarnpkg.com/core-js/-/core-js-2.5.6.tgz#0fe6d45bf3cac3ac364a9d72de7576f4eb221b9d"

lodash@^4.17.4:
  version "4.17.10"
  resolved "https://registry.yarnpkg.com/lodash/-/lodash-4.17.10.tgz#1b7793cf7259ea38fb3661d4d38b3260af8ae4e7"

recursive-iterator@^3.3.0:
  version "3.3.0"
  resolved "https://registry.yarnpkg.com/recursive-iterator/-/recursive-iterator-3.3.0.tgz#4e498ce6227d8c42b2e2d496b296bc866c134514"

regenerator-runtime@^0.11.0:
  version "0.11.1"
  resolved "https://registry.yarnpkg.com/regenerator-runtime/-/regenerator-runtime-0.11.1.tgz#be05ad7f9bf7d22e056f9726cee5017fbf19e2e9"

webpack-config@^7.5.0:
  version "7.5.0"
  resolved "https://registry.yarnpkg.com/webpack-config/-/webpack-config-7.5.0.tgz#53c2c148fc7a3e377652fcea1e682015282047de"
  dependencies:
    babel-runtime "^6.25.0"
    constitute "^1.6.2"
    lodash "^4.17.4"
    recursive-iterator "^3.3.0"
    yargs-parser "^8.0.0"

yargs-parser@^8.0.0:
  version "8.1.0"
  resolved "https://registry.yarnpkg.com/yargs-parser/-/yargs-parser-8.1.0.tgz#f1376a33b6629a5d063782944da732631e966950"
  dependencies:
    camelcase "^4.1.0"
